
Microsoft Visual Studio Solution File, Format Version 12.00
# Visual Studio 15
VisualStudioVersion = 15.0.26430.14
MinimumVisualStudioVersion = 10.0.40219.1
Project("{FAE04EC0-301F-11D3-BF4B-00C04F79EFBC}") = "WebAppAuthenticate", "WebAppAuthenticate\WebAppAuthenticate.csproj", "{A86A39E0-37B9-45C4-8C32-0295B4CD72AA}"
EndProject
Project("{FAE04EC0-301F-11D3-BF4B-00C04F79EFBC}") = "AuthenticateDAL", "AuthenticateDAL\AuthenticateDAL.csproj", "{0FCD2BC6-097B-40C8-A33E-396D44AF7E83}"
EndProject
Project("{FAE04EC0-301F-11D3-BF4B-00C04F79EFBC}") = "AuthenticateBLL", "AuthenticateBLL\AuthenticateBLL.csproj", "{BA8559CE-6D65-42E8-AEA8-D3FA279FAB7E}"
EndProject
Project("{FAE04EC0-301F-11D3-BF4B-00C04F79EFBC}") = "AuthenticateModel", "AuthenticateModel\AuthenticateModel.csproj", "{22B12292-98D4-43B1-8A50-66BBD142CE7D}"
EndProject
Global
	GlobalSection(SolutionConfigurationPlatforms) = preSolution
		Debug|Any CPU = Debug|Any CPU
		Release|Any CPU = Release|Any CPU
	EndGlobalSection
	GlobalSection(ProjectConfigurationPlatforms) = postSolution
		{A86A39E0-37B9-45C4-8C32-0295B4CD72AA}.Debug|Any CPU.ActiveCfg = Debug|Any CPU
		{A86A39E0-37B9-45C4-8C32-0295B4CD72AA}.Debug|Any CPU.Build.0 = Debug|Any CPU
		{A86A39E0-37B9-45C4-8C32-0295B4CD72AA}.Release|Any CPU.ActiveCfg = Release|Any CPU
		{A86A39E0-37B9-45C4-8C32-0295B4CD72AA}.Release|Any CPU.Build.0 = Release|Any CPU
		{0FCD2BC6-097B-40C8-A33E-396D44AF7E83}.Debug|Any CPU.ActiveCfg = Debug|Any CPU
		{0FCD2BC6-097B-40C8-A33E-396D44AF7E83}.Debug|Any CPU.Build.0 = Debug|Any CPU
		{0FCD2BC6-097B-40C8-A33E-396D44AF7E83}.Release|Any CPU.ActiveCfg = Release|Any CPU
		{0FCD2BC6-097B-40C8-A33E-396D44AF7E83}.Release|Any CPU.Build.0 = Release|Any CPU
		{BA8559CE-6D65-42E8-AEA8-D3FA279FAB7E}.Debug|Any CPU.ActiveCfg = Debug|Any CPU
		{BA8559CE-6D65-42E8-AEA8-D3FA279FAB7E}.Debug|Any CPU.Build.0 = Debug|Any CPU
		{BA8559CE-6D65-42E8-AEA8-D3FA279FAB7E}.Release|Any CPU.ActiveCfg = Release|Any CPU
		{BA8559CE-6D65-42E8-AEA8-D3FA279FAB7E}.Release|Any CPU.Build.0 = Release|Any CPU
		{22B12292-98D4-43B1-8A50-66BBD142CE7D}.Debug|Any CPU.ActiveCfg = Debug|Any CPU
		{22B12292-98D4-43B1-8A50-66BBD142CE7D}.Debug|Any CPU.Build.0 = Debug|Any CPU
		{22B12292-98D4-43B1-8A50-66BBD142CE7D}.Release|Any CPU.ActiveCfg = Release|Any CPU
		{22B12292-98D4-43B1-8A50-66BBD142CE7D}.Release|Any CPU.Build.0 = Release|Any CPU
	EndGlobalSection
	GlobalSection(SolutionProperties) = preSolution
		HideSolutionNode = FALSE
	EndGlobalSection
EndGlobal
